
Microsoft Visual Studio Solution File, Format Version 12.00
# Visual Studio Version 17
VisualStudioVersion = 17.8.34316.72
MinimumVisualStudioVersion = 10.0.40219.1
Project("{8BC9CEB8-8B4A-11D0-8D11-00A0C91BC942}") = "main", "main.vcxproj", "{B6EA567C-B8DB-44DC-8EFD-9AFDD8A7F052}"
EndProject
Global
	GlobalSection(SolutionConfigurationPlatforms) = preSolution
		Debug|x64 = Debug|x64
		Debug|x86 = Debug|x86
		Release|x64 = Release|x64
		Release|x86 = Release|x86
	EndGlobalSection
	GlobalSection(ProjectConfigurationPlatforms) = postSolution
		{B6EA567C-B8DB-44DC-8EFD-9AFDD8A7F052}.Debug|x64.ActiveCfg = Debug|x64
		{B6EA567C-B8DB-44DC-8EFD-9AFDD8A7F052}.Debug|x64.Build.0 = Debug|x64
		{B6EA567C-B8DB-44DC-8EFD-9AFDD8A7F052}.Debug|x86.ActiveCfg = Debug|Win32
		{B6EA567C-B8DB-44DC-8EFD-9AFDD8A7F052}.Debug|x86.Build.0 = Debug|Win32
		{B6EA567C-B8DB-44DC-8EFD-9AFDD8A7F052}.Release|x64.ActiveCfg = Release|x64
		{B6EA567C-B8DB-44DC-8EFD-9AFDD8A7F052}.Release|x64.Build.0 = Release|x64
		{B6EA567C-B8DB-44DC-8EFD-9AFDD8A7F052}.Release|x86.ActiveCfg = Release|Win32
		{B6EA567C-B8DB-44DC-8EFD-9AFDD8A7F052}.Release|x86.Build.0 = Release|Win32
	EndGlobalSection
	GlobalSection(SolutionProperties) = preSolution
		HideSolutionNode = FALSE
	EndGlobalSection
	GlobalSection(ExtensibilityGlobals) = postSolution
		SolutionGuid = {327C525A-9893-4990-9C6C-BA49D2E11959}
	EndGlobalSection
EndGlobal
