
Microsoft Visual Studio Solution File, Format Version 12.00
# Visual Studio Version 17
VisualStudioVersion = 17.8.34316.72
MinimumVisualStudioVersion = 10.0.40219.1
Project("{8BC9CEB8-8B4A-11D0-8D11-00A0C91BC942}") = "lamacz_gg", "lamacz_gg.vcxproj", "{38CD90DD-CFAF-4BC5-98BA-2DC13D33D789}"
EndProject
Global
	GlobalSection(SolutionConfigurationPlatforms) = preSolution
		Debug|x64 = Debug|x64
		Debug|x86 = Debug|x86
		Release|x64 = Release|x64
		Release|x86 = Release|x86
	EndGlobalSection
	GlobalSection(ProjectConfigurationPlatforms) = postSolution
		{38CD90DD-CFAF-4BC5-98BA-2DC13D33D789}.Debug|x64.ActiveCfg = Debug|x64
		{38CD90DD-CFAF-4BC5-98BA-2DC13D33D789}.Debug|x64.Build.0 = Debug|x64
		{38CD90DD-CFAF-4BC5-98BA-2DC13D33D789}.Debug|x86.ActiveCfg = Debug|Win32
		{38CD90DD-CFAF-4BC5-98BA-2DC13D33D789}.Debug|x86.Build.0 = Debug|Win32
		{38CD90DD-CFAF-4BC5-98BA-2DC13D33D789}.Release|x64.ActiveCfg = Release|x64
		{38CD90DD-CFAF-4BC5-98BA-2DC13D33D789}.Release|x64.Build.0 = Release|x64
		{38CD90DD-CFAF-4BC5-98BA-2DC13D33D789}.Release|x86.ActiveCfg = Release|Win32
		{38CD90DD-CFAF-4BC5-98BA-2DC13D33D789}.Release|x86.Build.0 = Release|Win32
	EndGlobalSection
	GlobalSection(SolutionProperties) = preSolution
		HideSolutionNode = FALSE
	EndGlobalSection
	GlobalSection(ExtensibilityGlobals) = postSolution
		SolutionGuid = {38E0F4E6-08C6-4714-A178-58A379326469}
	EndGlobalSection
EndGlobal
