
Microsoft Visual Studio Solution File, Format Version 12.00
# Visual Studio Version 17
VisualStudioVersion = 17.8.34316.72
MinimumVisualStudioVersion = 10.0.40219.1
Project("{8BC9CEB8-8B4A-11D0-8D11-00A0C91BC942}") = "srednia_predkosc", "srednia_predkosc.vcxproj", "{94791075-95A2-4C7C-89D9-A181FF1A44E5}"
EndProject
Global
	GlobalSection(SolutionConfigurationPlatforms) = preSolution
		Debug|x64 = Debug|x64
		Debug|x86 = Debug|x86
		Release|x64 = Release|x64
		Release|x86 = Release|x86
	EndGlobalSection
	GlobalSection(ProjectConfigurationPlatforms) = postSolution
		{94791075-95A2-4C7C-89D9-A181FF1A44E5}.Debug|x64.ActiveCfg = Debug|x64
		{94791075-95A2-4C7C-89D9-A181FF1A44E5}.Debug|x64.Build.0 = Debug|x64
		{94791075-95A2-4C7C-89D9-A181FF1A44E5}.Debug|x86.ActiveCfg = Debug|Win32
		{94791075-95A2-4C7C-89D9-A181FF1A44E5}.Debug|x86.Build.0 = Debug|Win32
		{94791075-95A2-4C7C-89D9-A181FF1A44E5}.Release|x64.ActiveCfg = Release|x64
		{94791075-95A2-4C7C-89D9-A181FF1A44E5}.Release|x64.Build.0 = Release|x64
		{94791075-95A2-4C7C-89D9-A181FF1A44E5}.Release|x86.ActiveCfg = Release|Win32
		{94791075-95A2-4C7C-89D9-A181FF1A44E5}.Release|x86.Build.0 = Release|Win32
	EndGlobalSection
	GlobalSection(SolutionProperties) = preSolution
		HideSolutionNode = FALSE
	EndGlobalSection
	GlobalSection(ExtensibilityGlobals) = postSolution
		SolutionGuid = {5ABE5032-28A1-4226-A31D-D8356CC6D0E6}
	EndGlobalSection
EndGlobal
